Microsoft Visual Studio Solution File, Format Version 12.00
# Visual Studio Version 17
VisualStudioVersion = 17.5.2.0
MinimumVisualStudioVersion = 10.0.40219.1
Project("{FAE04EC0-301F-11D3-BF4B-00C04F79EFBC}") = "VehicleServiceAPI", "VehicleServiceAPI.csproj", "{7E4F68DE-0916-CCC6-F6D0-D44A28403DA2}"
EndProject
Global
	GlobalSection(SolutionConfigurationPlatforms) = preSolution
		Debug|Any CPU = Debug|Any CPU
		Release|Any CPU = Release|Any CPU
	EndGlobalSection
	GlobalSection(ProjectConfigurationPlatforms) = postSolution
		{7E4F68DE-0916-CCC6-F6D0-D44A28403DA2}.Debug|Any CPU.ActiveCfg = Debug|Any CPU
		{7E4F68DE-0916-CCC6-F6D0-D44A28403DA2}.Debug|Any CPU.Build.0 = Debug|Any CPU
		{7E4F68DE-0916-CCC6-F6D0-D44A28403DA2}.Release|Any CPU.ActiveCfg = Release|Any CPU
		{7E4F68DE-0916-CCC6-F6D0-D44A28403DA2}.Release|Any CPU.Build.0 = Release|Any CPU
	EndGlobalSection
	GlobalSection(SolutionProperties) = preSolution
		HideSolutionNode = FALSE
	EndGlobalSection
	GlobalSection(ExtensibilityGlobals) = postSolution
		SolutionGuid = {C36E242D-8993-4494-AC3D-E5FE2737560F}
	EndGlobalSection
EndGlobal
