Microsoft Visual Studio Solution File, Format Version 12.00
# Visual Studio Version 17
VisualStudioVersion = 17.5.2.0
MinimumVisualStudioVersion = 10.0.40219.1
Project("{FAE04EC0-301F-11D3-BF4B-00C04F79EFBC}") = "booking_system", "booking_system.csproj", "{AAB0CA74-630C-E8A3-C496-FFE5829D8474}"
EndProject
Global
	GlobalSection(SolutionConfigurationPlatforms) = preSolution
		Debug|Any CPU = Debug|Any CPU
		Release|Any CPU = Release|Any CPU
	EndGlobalSection
	GlobalSection(ProjectConfigurationPlatforms) = postSolution
		{AAB0CA74-630C-E8A3-C496-FFE5829D8474}.Debug|Any CPU.ActiveCfg = Debug|Any CPU
		{AAB0CA74-630C-E8A3-C496-FFE5829D8474}.Debug|Any CPU.Build.0 = Debug|Any CPU
		{AAB0CA74-630C-E8A3-C496-FFE5829D8474}.Release|Any CPU.ActiveCfg = Release|Any CPU
		{AAB0CA74-630C-E8A3-C496-FFE5829D8474}.Release|Any CPU.Build.0 = Release|Any CPU
	EndGlobalSection
	GlobalSection(SolutionProperties) = preSolution
		HideSolutionNode = FALSE
	EndGlobalSection
	GlobalSection(ExtensibilityGlobals) = postSolution
		SolutionGuid = {A6081990-FF61-4586-9D32-1E3081D873AF}
	EndGlobalSection
EndGlobal
