Microsoft Visual Studio Solution File, Format Version 12.00
# Visual Studio Version 17
VisualStudioVersion = 17.5.2.0
MinimumVisualStudioVersion = 10.0.40219.1
Project("{FAE04EC0-301F-11D3-BF4B-00C04F79EFBC}") = "filestorage", "filestorage.csproj", "{48E945A3-6A92-7BE0-AEA2-7360415C0DE1}"
EndProject
Global
	GlobalSection(SolutionConfigurationPlatforms) = preSolution
		Debug|Any CPU = Debug|Any CPU
		Release|Any CPU = Release|Any CPU
	EndGlobalSection
	GlobalSection(ProjectConfigurationPlatforms) = postSolution
		{48E945A3-6A92-7BE0-AEA2-7360415C0DE1}.Debug|Any CPU.ActiveCfg = Debug|Any CPU
		{48E945A3-6A92-7BE0-AEA2-7360415C0DE1}.Debug|Any CPU.Build.0 = Debug|Any CPU
		{48E945A3-6A92-7BE0-AEA2-7360415C0DE1}.Release|Any CPU.ActiveCfg = Release|Any CPU
		{48E945A3-6A92-7BE0-AEA2-7360415C0DE1}.Release|Any CPU.Build.0 = Release|Any CPU
	EndGlobalSection
	GlobalSection(SolutionProperties) = preSolution
		HideSolutionNode = FALSE
	EndGlobalSection
	GlobalSection(ExtensibilityGlobals) = postSolution
		SolutionGuid = {A4D42E92-8A4B-478B-91FA-5BD73FBD6F07}
	EndGlobalSection
EndGlobal
