Microsoft Visual Studio Solution File, Format Version 12.00
# Visual Studio Version 17
VisualStudioVersion = 17.5.2.0
MinimumVisualStudioVersion = 10.0.40219.1
Project("{FAE04EC0-301F-11D3-BF4B-00C04F79EFBC}") = "Company.FunctionApp2", "Company.FunctionApp2.csproj", "{61C54A07-A080-AED8-ABC2-D27E010C6D9D}"
EndProject
Global
	GlobalSection(SolutionConfigurationPlatforms) = preSolution
		Debug|Any CPU = Debug|Any CPU
		Release|Any CPU = Release|Any CPU
	EndGlobalSection
	GlobalSection(ProjectConfigurationPlatforms) = postSolution
		{61C54A07-A080-AED8-ABC2-D27E010C6D9D}.Debug|Any CPU.ActiveCfg = Debug|Any CPU
		{61C54A07-A080-AED8-ABC2-D27E010C6D9D}.Debug|Any CPU.Build.0 = Debug|Any CPU
		{61C54A07-A080-AED8-ABC2-D27E010C6D9D}.Release|Any CPU.ActiveCfg = Release|Any CPU
		{61C54A07-A080-AED8-ABC2-D27E010C6D9D}.Release|Any CPU.Build.0 = Release|Any CPU
	EndGlobalSection
	GlobalSection(SolutionProperties) = preSolution
		HideSolutionNode = FALSE
	EndGlobalSection
	GlobalSection(ExtensibilityGlobals) = postSolution
		SolutionGuid = {E982CBE4-2ACF-4823-927B-8A3C4A134574}
	EndGlobalSection
EndGlobal
